
Microsoft Visual Studio Solution File, Format Version 12.00
# Visual Studio 15
VisualStudioVersion = 15.0.28307.705
MinimumVisualStudioVersion = 10.0.40219.1
Project("{FAE04EC0-301F-11D3-BF4B-00C04F79EFBC}") = "Taller1POO", "Taller1POO\Taller1POO.csproj", "{0062550A-6D0A-4AB1-9596-FEAA9AF8279C}"
EndProject
Global
	GlobalSection(SolutionConfigurationPlatforms) = preSolution
		Debug|Any CPU = Debug|Any CPU
		Release|Any CPU = Release|Any CPU
	EndGlobalSection
	GlobalSection(ProjectConfigurationPlatforms) = postSolution
		{0062550A-6D0A-4AB1-9596-FEAA9AF8279C}.Debug|Any CPU.ActiveCfg = Debug|Any CPU
		{0062550A-6D0A-4AB1-9596-FEAA9AF8279C}.Debug|Any CPU.Build.0 = Debug|Any CPU
		{0062550A-6D0A-4AB1-9596-FEAA9AF8279C}.Release|Any CPU.ActiveCfg = Release|Any CPU
		{0062550A-6D0A-4AB1-9596-FEAA9AF8279C}.Release|Any CPU.Build.0 = Release|Any CPU
	EndGlobalSection
	GlobalSection(SolutionProperties) = preSolution
		HideSolutionNode = FALSE
	EndGlobalSection
	GlobalSection(ExtensibilityGlobals) = postSolution
		SolutionGuid = {050B1D6B-AEC4-4A2C-BC7C-A5B87D269E5E}
	EndGlobalSection
EndGlobal
